
Microsoft Visual Studio Solution File, Format Version 12.00
# Visual Studio 14
VisualStudioVersion = 14.0.25420.1
MinimumVisualStudioVersion = 10.0.40219.1
Project("{FAE04EC0-301F-11D3-BF4B-00C04F79EFBC}") = "HandlersModulesMVC", "HandlersModulesMVC\HandlersModulesMVC.csproj", "{E18B5F58-2FED-418B-AB47-3D019C80044A}"
EndProject
Project("{FAE04EC0-301F-11D3-BF4B-00C04F79EFBC}") = "HandlersModules", "HandlersModules\HandlersModules.csproj", "{0FB6A977-822E-488A-B6A7-F6A29DCB468A}"
EndProject
Global
	GlobalSection(SolutionConfigurationPlatforms) = preSolution
		Debug|Any CPU = Debug|Any CPU
		Release|Any CPU = Release|Any CPU
	EndGlobalSection
	GlobalSection(ProjectConfigurationPlatforms) = postSolution
		{E18B5F58-2FED-418B-AB47-3D019C80044A}.Debug|Any CPU.ActiveCfg = Debug|Any CPU
		{E18B5F58-2FED-418B-AB47-3D019C80044A}.Debug|Any CPU.Build.0 = Debug|Any CPU
		{E18B5F58-2FED-418B-AB47-3D019C80044A}.Release|Any CPU.ActiveCfg = Release|Any CPU
		{E18B5F58-2FED-418B-AB47-3D019C80044A}.Release|Any CPU.Build.0 = Release|Any CPU
		{0FB6A977-822E-488A-B6A7-F6A29DCB468A}.Debug|Any CPU.ActiveCfg = Debug|Any CPU
		{0FB6A977-822E-488A-B6A7-F6A29DCB468A}.Debug|Any CPU.Build.0 = Debug|Any CPU
		{0FB6A977-822E-488A-B6A7-F6A29DCB468A}.Release|Any CPU.ActiveCfg = Release|Any CPU
		{0FB6A977-822E-488A-B6A7-F6A29DCB468A}.Release|Any CPU.Build.0 = Release|Any CPU
	EndGlobalSection
	GlobalSection(SolutionProperties) = preSolution
		HideSolutionNode = FALSE
	EndGlobalSection
EndGlobal
